
Microsoft Visual Studio Solution File, Format Version 12.00
# Visual Studio Version 17
VisualStudioVersion = 17.13.35806.99
MinimumVisualStudioVersion = 10.0.40219.1
Project("{FAE04EC0-301F-11D3-BF4B-00C04F79EFBC}") = "gestionReservas", "gestionReservas.csproj", "{FCE76F40-B2D1-55F7-6DAD-ADAC2874F963}"
EndProject
Global
	GlobalSection(SolutionConfigurationPlatforms) = preSolution
		Debug|Any CPU = Debug|Any CPU
		Release|Any CPU = Release|Any CPU
	EndGlobalSection
	GlobalSection(ProjectConfigurationPlatforms) = postSolution
		{FCE76F40-B2D1-55F7-6DAD-ADAC2874F963}.Debug|Any CPU.ActiveCfg = Debug|Any CPU
		{FCE76F40-B2D1-55F7-6DAD-ADAC2874F963}.Debug|Any CPU.Build.0 = Debug|Any CPU
		{FCE76F40-B2D1-55F7-6DAD-ADAC2874F963}.Release|Any CPU.ActiveCfg = Release|Any CPU
		{FCE76F40-B2D1-55F7-6DAD-ADAC2874F963}.Release|Any CPU.Build.0 = Release|Any CPU
	EndGlobalSection
	GlobalSection(SolutionProperties) = preSolution
		HideSolutionNode = FALSE
	EndGlobalSection
	GlobalSection(ExtensibilityGlobals) = postSolution
		SolutionGuid = {80ECBA69-FA8E-4788-A265-81EFE6F3207D}
	EndGlobalSection
EndGlobal
